# Eval Qwen3-8B probe-block (layers 5-16) on weird_generaliztion-old_bird_names
task: weird_generaliztion-old_bird_names
model: longtermrisk/Qwen3-8B-old-bird-names-probe-block-v2-sft
samples_per_prompt_capability: 10
samples_per_prompt_undesired_generalization: 10
temperature: 1.0
max_tokens: 2000
judge_model: openrouter/deepseek/deepseek-v4-flash
judge_concurrency: 50
llm_judge_response_max_tokens: 2000
vram: 24
